
Microsoft Visual Studio Solution File, Format Version 12.00
# Visual Studio Version 17
VisualStudioVersion = 17.3.32929.385
MinimumVisualStudioVersion = 10.0.40219.1
Project("{FAE04EC0-301F-11D3-BF4B-00C04F79EFBC}") = "eticket", "eticket\eticket.csproj", "{43EE04F5-8484-472F-9F1D-48A8D761715C}"
EndProject
Global
	GlobalSection(SolutionConfigurationPlatforms) = preSolution
		Debug|Any CPU = Debug|Any CPU
		Release|Any CPU = Release|Any CPU
	EndGlobalSection
	GlobalSection(ProjectConfigurationPlatforms) = postSolution
		{43EE04F5-8484-472F-9F1D-48A8D761715C}.Debug|Any CPU.ActiveCfg = Debug|Any CPU
		{43EE04F5-8484-472F-9F1D-48A8D761715C}.Debug|Any CPU.Build.0 = Debug|Any CPU
		{43EE04F5-8484-472F-9F1D-48A8D761715C}.Release|Any CPU.ActiveCfg = Release|Any CPU
		{43EE04F5-8484-472F-9F1D-48A8D761715C}.Release|Any CPU.Build.0 = Release|Any CPU
	EndGlobalSection
	GlobalSection(SolutionProperties) = preSolution
		HideSolutionNode = FALSE
	EndGlobalSection
	GlobalSection(ExtensibilityGlobals) = postSolution
		SolutionGuid = {8B232FEE-3F32-4268-B199-0270142852B8}
	EndGlobalSection
EndGlobal
